
Microsoft Visual Studio Solution File, Format Version 11.00
# Visual Studio 2010
Project("{FAE04EC0-301F-11D3-BF4B-00C04F79EFBC}") = "Aucho_Importer", "Aucho_Importer\Aucho_Importer.csproj", "{650D9F67-FAC3-4ADC-9185-491BAAAD0A41}"
EndProject
Project("{2150E333-8FDC-42A3-9474-1A3956D46DE8}") = "Solution Items", "Solution Items", "{3ECB6CDC-118C-44CA-A148-CF0639F3A22F}"
	ProjectSection(SolutionItems) = preProject
		Performance1.psess = Performance1.psess
	EndProjectSection
EndProject
Global
	GlobalSection(SolutionConfigurationPlatforms) = preSolution
		Debug|x86 = Debug|x86
		Release|x86 = Release|x86
	EndGlobalSection
	GlobalSection(ProjectConfigurationPlatforms) = postSolution
		{650D9F67-FAC3-4ADC-9185-491BAAAD0A41}.Debug|x86.ActiveCfg = Debug|x86
		{650D9F67-FAC3-4ADC-9185-491BAAAD0A41}.Debug|x86.Build.0 = Debug|x86
		{650D9F67-FAC3-4ADC-9185-491BAAAD0A41}.Release|x86.ActiveCfg = Release|x86
		{650D9F67-FAC3-4ADC-9185-491BAAAD0A41}.Release|x86.Build.0 = Release|x86
	EndGlobalSection
	GlobalSection(SolutionProperties) = preSolution
		HideSolutionNode = FALSE
	EndGlobalSection
EndGlobal
